
Microsoft Visual Studio Solution File, Format Version 12.00
# Visual Studio Version 17
VisualStudioVersion = 17.13.35806.99
MinimumVisualStudioVersion = 10.0.40219.1
Project("{FAE04EC0-301F-11D3-BF4B-00C04F79EFBC}") = "Wejo.Identity.API", "Wejo.Identity.API\Wejo.Identity.API.csproj", "{7ADAD76E-42EA-4231-9EF4-626ACDA44B51}"
	ProjectSection(ProjectDependencies) = postProject
		{CA4FE53E-586B-39FE-61A8-4770B3B03277} = {CA4FE53E-586B-39FE-61A8-4770B3B03277}
	EndProjectSection
EndProject
Project("{2150E333-8FDC-42A3-9474-1A3956D46DE8}") = "Identity", "Identity", "{02EA681E-C7D8-13C7-8484-4AC65E1B71E8}"
EndProject
Project("{FAE04EC0-301F-11D3-BF4B-00C04F79EFBC}") = "Wejo.Identity.Application", "Wejo.Identity.Application\Wejo.Identity.Application.csproj", "{3BE7FBC3-5F5A-4335-BDDC-86F8FC59343D}"
EndProject
Project("{2150E333-8FDC-42A3-9474-1A3956D46DE8}") = "Common", "Common", "{0AF25886-5992-4C14-8222-BF23671CB07D}"
EndProject
Project("{FAE04EC0-301F-11D3-BF4B-00C04F79EFBC}") = "Wejo.Common.Core", "Wejo.Common.Core\Wejo.Common.Core.csproj", "{C4EE8CA9-65CE-4785-8871-A448F7E2B98C}"
EndProject
Project("{FAE04EC0-301F-11D3-BF4B-00C04F79EFBC}") = "Wejo.Common.SeedWork", "Wejo.Common.SeedWork\Wejo.Common.SeedWork.csproj", "{EB7A3107-9F6E-4B26-807B-2153BF966B15}"
EndProject
Project("{FAE04EC0-301F-11D3-BF4B-00C04F79EFBC}") = "Wejo.Common.Domain", "Wejo.Common.Domain\Wejo.Common.Domain.csproj", "{FC375051-9E20-451A-B186-48E6074C5064}"
EndProject
Project("{2150E333-8FDC-42A3-9474-1A3956D46DE8}") = "Game", "Game", "{F0E42396-F7F3-472D-AECF-DBE9E6EFE57C}"
EndProject
Project("{2150E333-8FDC-42A3-9474-1A3956D46DE8}") = "Devops", "Devops", "{8EC462FD-D22E-90A8-E5CE-7E832BA40C5D}"
	ProjectSection(SolutionItems) = preProject
		docker-compose.yml = docker-compose.yml
		Jenkinsfile = Jenkinsfile
		Readme.md = Readme.md
	EndProjectSection
EndProject
Project("{2150E333-8FDC-42A3-9474-1A3956D46DE8}") = "Job", "Job", "{F9ED2B47-67E1-4A23-A7B2-6903C308C6A2}"
EndProject
Project("{FAE04EC0-301F-11D3-BF4B-00C04F79EFBC}") = "Wejo.Background.Job", "Wejo.Backgroud.Job\Wejo.Background.Job.csproj", "{3DCCB7B0-3B8F-4D2D-8D11-3BFAB1062795}"
EndProject
Project("{FAE04EC0-301F-11D3-BF4B-00C04F79EFBC}") = "Wejo.Game.API", "Wejo.Game.API\Wejo.Game.API.csproj", "{DF6ED471-FEFD-68D9-AA48-5A7AA8ED5333}"
EndProject
Project("{FAE04EC0-301F-11D3-BF4B-00C04F79EFBC}") = "Wejo.Game.Application", "Wejo.Game.Application\Wejo.Game.Application.csproj", "{CA4FE53E-586B-39FE-61A8-4770B3B03277}"
EndProject
Project("{FAE04EC0-301F-11D3-BF4B-00C04F79EFBC}") = "Wejo.Realtime.API", "Wejo.Realtime.API\Wejo.Realtime.API.csproj", "{4086033F-A784-BF81-F40D-3C32C0D26095}"
EndProject
Project("{2150E333-8FDC-42A3-9474-1A3956D46DE8}") = "Realtime", "Realtime", "{A3054CA9-B3D1-4070-9FE8-319C5036B4FF}"
EndProject
Project("{2150E333-8FDC-42A3-9474-1A3956D46DE8}") = "Notification", "Notification", "{C0652D8F-9FF8-4256-AF18-8B86F314B7B7}"
EndProject
Project("{FAE04EC0-301F-11D3-BF4B-00C04F79EFBC}") = "Wejo.Notification.API", "Wejo.Notification.API\Wejo.Notification.API.csproj", "{FD55A213-A2CC-454B-8B71-752E4D4243D5}"
EndProject
Project("{FAE04EC0-301F-11D3-BF4B-00C04F79EFBC}") = "Wejo.Notification.Application", "Wejo.Notification.Application\Wejo.Notification.Application.csproj", "{974E324E-B3B1-4853-BB97-19FBE17CD2A8}"
EndProject
Global
	GlobalSection(SolutionConfigurationPlatforms) = preSolution
		Debug|Any CPU = Debug|Any CPU
		Debug|x64 = Debug|x64
		Debug|x86 = Debug|x86
		Release|Any CPU = Release|Any CPU
		Release|x64 = Release|x64
		Release|x86 = Release|x86
	EndGlobalSection
	GlobalSection(ProjectConfigurationPlatforms) = postSolution
		{7ADAD76E-42EA-4231-9EF4-626ACDA44B51}.Debug|Any CPU.ActiveCfg = Debug|Any CPU
		{7ADAD76E-42EA-4231-9EF4-626ACDA44B51}.Debug|Any CPU.Build.0 = Debug|Any CPU
		{7ADAD76E-42EA-4231-9EF4-626ACDA44B51}.Debug|x64.ActiveCfg = Debug|Any CPU
		{7ADAD76E-42EA-4231-9EF4-626ACDA44B51}.Debug|x64.Build.0 = Debug|Any CPU
		{7ADAD76E-42EA-4231-9EF4-626ACDA44B51}.Debug|x86.ActiveCfg = Debug|Any CPU
		{7ADAD76E-42EA-4231-9EF4-626ACDA44B51}.Debug|x86.Build.0 = Debug|Any CPU
		{7ADAD76E-42EA-4231-9EF4-626ACDA44B51}.Release|Any CPU.ActiveCfg = Release|Any CPU
		{7ADAD76E-42EA-4231-9EF4-626ACDA44B51}.Release|Any CPU.Build.0 = Release|Any CPU
		{7ADAD76E-42EA-4231-9EF4-626ACDA44B51}.Release|x64.ActiveCfg = Release|Any CPU
		{7ADAD76E-42EA-4231-9EF4-626ACDA44B51}.Release|x64.Build.0 = Release|Any CPU
		{7ADAD76E-42EA-4231-9EF4-626ACDA44B51}.Release|x86.ActiveCfg = Release|Any CPU
		{7ADAD76E-42EA-4231-9EF4-626ACDA44B51}.Release|x86.Build.0 = Release|Any CPU
		{3BE7FBC3-5F5A-4335-BDDC-86F8FC59343D}.Debug|Any CPU.ActiveCfg = Debug|Any CPU
		{3BE7FBC3-5F5A-4335-BDDC-86F8FC59343D}.Debug|Any CPU.Build.0 = Debug|Any CPU
		{3BE7FBC3-5F5A-4335-BDDC-86F8FC59343D}.Debug|x64.ActiveCfg = Debug|Any CPU
		{3BE7FBC3-5F5A-4335-BDDC-86F8FC59343D}.Debug|x64.Build.0 = Debug|Any CPU
		{3BE7FBC3-5F5A-4335-BDDC-86F8FC59343D}.Debug|x86.ActiveCfg = Debug|Any CPU
		{3BE7FBC3-5F5A-4335-BDDC-86F8FC59343D}.Debug|x86.Build.0 = Debug|Any CPU
		{3BE7FBC3-5F5A-4335-BDDC-86F8FC59343D}.Release|Any CPU.ActiveCfg = Release|Any CPU
		{3BE7FBC3-5F5A-4335-BDDC-86F8FC59343D}.Release|Any CPU.Build.0 = Release|Any CPU
		{3BE7FBC3-5F5A-4335-BDDC-86F8FC59343D}.Release|x64.ActiveCfg = Release|Any CPU
		{3BE7FBC3-5F5A-4335-BDDC-86F8FC59343D}.Release|x64.Build.0 = Release|Any CPU
		{3BE7FBC3-5F5A-4335-BDDC-86F8FC59343D}.Release|x86.ActiveCfg = Release|Any CPU
		{3BE7FBC3-5F5A-4335-BDDC-86F8FC59343D}.Release|x86.Build.0 = Release|Any CPU
		{C4EE8CA9-65CE-4785-8871-A448F7E2B98C}.Debug|Any CPU.ActiveCfg = Debug|Any CPU
		{C4EE8CA9-65CE-4785-8871-A448F7E2B98C}.Debug|Any CPU.Build.0 = Debug|Any CPU
		{C4EE8CA9-65CE-4785-8871-A448F7E2B98C}.Debug|x64.ActiveCfg = Debug|Any CPU
		{C4EE8CA9-65CE-4785-8871-A448F7E2B98C}.Debug|x64.Build.0 = Debug|Any CPU
		{C4EE8CA9-65CE-4785-8871-A448F7E2B98C}.Debug|x86.ActiveCfg = Debug|Any CPU
		{C4EE8CA9-65CE-4785-8871-A448F7E2B98C}.Debug|x86.Build.0 = Debug|Any CPU
		{C4EE8CA9-65CE-4785-8871-A448F7E2B98C}.Release|Any CPU.ActiveCfg = Release|Any CPU
		{C4EE8CA9-65CE-4785-8871-A448F7E2B98C}.Release|Any CPU.Build.0 = Release|Any CPU
		{C4EE8CA9-65CE-4785-8871-A448F7E2B98C}.Release|x64.ActiveCfg = Release|Any CPU
		{C4EE8CA9-65CE-4785-8871-A448F7E2B98C}.Release|x64.Build.0 = Release|Any CPU
		{C4EE8CA9-65CE-4785-8871-A448F7E2B98C}.Release|x86.ActiveCfg = Release|Any CPU
		{C4EE8CA9-65CE-4785-8871-A448F7E2B98C}.Release|x86.Build.0 = Release|Any CPU
		{EB7A3107-9F6E-4B26-807B-2153BF966B15}.Debug|Any CPU.ActiveCfg = Debug|Any CPU
		{EB7A3107-9F6E-4B26-807B-2153BF966B15}.Debug|Any CPU.Build.0 = Debug|Any CPU
		{EB7A3107-9F6E-4B26-807B-2153BF966B15}.Debug|x64.ActiveCfg = Debug|Any CPU
		{EB7A3107-9F6E-4B26-807B-2153BF966B15}.Debug|x64.Build.0 = Debug|Any CPU
		{EB7A3107-9F6E-4B26-807B-2153BF966B15}.Debug|x86.ActiveCfg = Debug|Any CPU
		{EB7A3107-9F6E-4B26-807B-2153BF966B15}.Debug|x86.Build.0 = Debug|Any CPU
		{EB7A3107-9F6E-4B26-807B-2153BF966B15}.Release|Any CPU.ActiveCfg = Release|Any CPU
		{EB7A3107-9F6E-4B26-807B-2153BF966B15}.Release|Any CPU.Build.0 = Release|Any CPU
		{EB7A3107-9F6E-4B26-807B-2153BF966B15}.Release|x64.ActiveCfg = Release|Any CPU
		{EB7A3107-9F6E-4B26-807B-2153BF966B15}.Release|x64.Build.0 = Release|Any CPU
		{EB7A3107-9F6E-4B26-807B-2153BF966B15}.Release|x86.ActiveCfg = Release|Any CPU
		{EB7A3107-9F6E-4B26-807B-2153BF966B15}.Release|x86.Build.0 = Release|Any CPU
		{FC375051-9E20-451A-B186-48E6074C5064}.Debug|Any CPU.ActiveCfg = Debug|Any CPU
		{FC375051-9E20-451A-B186-48E6074C5064}.Debug|Any CPU.Build.0 = Debug|Any CPU
		{FC375051-9E20-451A-B186-48E6074C5064}.Debug|x64.ActiveCfg = Debug|Any CPU
		{FC375051-9E20-451A-B186-48E6074C5064}.Debug|x64.Build.0 = Debug|Any CPU
		{FC375051-9E20-451A-B186-48E6074C5064}.Debug|x86.ActiveCfg = Debug|Any CPU
		{FC375051-9E20-451A-B186-48E6074C5064}.Debug|x86.Build.0 = Debug|Any CPU
		{FC375051-9E20-451A-B186-48E6074C5064}.Release|Any CPU.ActiveCfg = Release|Any CPU
		{FC375051-9E20-451A-B186-48E6074C5064}.Release|Any CPU.Build.0 = Release|Any CPU
		{FC375051-9E20-451A-B186-48E6074C5064}.Release|x64.ActiveCfg = Release|Any CPU
		{FC375051-9E20-451A-B186-48E6074C5064}.Release|x64.Build.0 = Release|Any CPU
		{FC375051-9E20-451A-B186-48E6074C5064}.Release|x86.ActiveCfg = Release|Any CPU
		{FC375051-9E20-451A-B186-48E6074C5064}.Release|x86.Build.0 = Release|Any CPU
		{3DCCB7B0-3B8F-4D2D-8D11-3BFAB1062795}.Debug|Any CPU.ActiveCfg = Debug|Any CPU
		{3DCCB7B0-3B8F-4D2D-8D11-3BFAB1062795}.Debug|Any CPU.Build.0 = Debug|Any CPU
		{3DCCB7B0-3B8F-4D2D-8D11-3BFAB1062795}.Debug|x64.ActiveCfg = Debug|Any CPU
		{3DCCB7B0-3B8F-4D2D-8D11-3BFAB1062795}.Debug|x64.Build.0 = Debug|Any CPU
		{3DCCB7B0-3B8F-4D2D-8D11-3BFAB1062795}.Debug|x86.ActiveCfg = Debug|Any CPU
		{3DCCB7B0-3B8F-4D2D-8D11-3BFAB1062795}.Debug|x86.Build.0 = Debug|Any CPU
		{3DCCB7B0-3B8F-4D2D-8D11-3BFAB1062795}.Release|Any CPU.ActiveCfg = Release|Any CPU
		{3DCCB7B0-3B8F-4D2D-8D11-3BFAB1062795}.Release|Any CPU.Build.0 = Release|Any CPU
		{3DCCB7B0-3B8F-4D2D-8D11-3BFAB1062795}.Release|x64.ActiveCfg = Release|Any CPU
		{3DCCB7B0-3B8F-4D2D-8D11-3BFAB1062795}.Release|x64.Build.0 = Release|Any CPU
		{3DCCB7B0-3B8F-4D2D-8D11-3BFAB1062795}.Release|x86.ActiveCfg = Release|Any CPU
		{3DCCB7B0-3B8F-4D2D-8D11-3BFAB1062795}.Release|x86.Build.0 = Release|Any CPU
		{DF6ED471-FEFD-68D9-AA48-5A7AA8ED5333}.Debug|Any CPU.ActiveCfg = Debug|Any CPU
		{DF6ED471-FEFD-68D9-AA48-5A7AA8ED5333}.Debug|Any CPU.Build.0 = Debug|Any CPU
		{DF6ED471-FEFD-68D9-AA48-5A7AA8ED5333}.Debug|x64.ActiveCfg = Debug|Any CPU
		{DF6ED471-FEFD-68D9-AA48-5A7AA8ED5333}.Debug|x64.Build.0 = Debug|Any CPU
		{DF6ED471-FEFD-68D9-AA48-5A7AA8ED5333}.Debug|x86.ActiveCfg = Debug|Any CPU
		{DF6ED471-FEFD-68D9-AA48-5A7AA8ED5333}.Debug|x86.Build.0 = Debug|Any CPU
		{DF6ED471-FEFD-68D9-AA48-5A7AA8ED5333}.Release|Any CPU.ActiveCfg = Release|Any CPU
		{DF6ED471-FEFD-68D9-AA48-5A7AA8ED5333}.Release|Any CPU.Build.0 = Release|Any CPU
		{DF6ED471-FEFD-68D9-AA48-5A7AA8ED5333}.Release|x64.ActiveCfg = Release|Any CPU
		{DF6ED471-FEFD-68D9-AA48-5A7AA8ED5333}.Release|x64.Build.0 = Release|Any CPU
		{DF6ED471-FEFD-68D9-AA48-5A7AA8ED5333}.Release|x86.ActiveCfg = Release|Any CPU
		{DF6ED471-FEFD-68D9-AA48-5A7AA8ED5333}.Release|x86.Build.0 = Release|Any CPU
		{CA4FE53E-586B-39FE-61A8-4770B3B03277}.Debug|Any CPU.ActiveCfg = Debug|Any CPU
		{CA4FE53E-586B-39FE-61A8-4770B3B03277}.Debug|Any CPU.Build.0 = Debug|Any CPU
		{CA4FE53E-586B-39FE-61A8-4770B3B03277}.Debug|x64.ActiveCfg = Debug|Any CPU
		{CA4FE53E-586B-39FE-61A8-4770B3B03277}.Debug|x64.Build.0 = Debug|Any CPU
		{CA4FE53E-586B-39FE-61A8-4770B3B03277}.Debug|x86.ActiveCfg = Debug|Any CPU
		{CA4FE53E-586B-39FE-61A8-4770B3B03277}.Debug|x86.Build.0 = Debug|Any CPU
		{CA4FE53E-586B-39FE-61A8-4770B3B03277}.Release|Any CPU.ActiveCfg = Release|Any CPU
		{CA4FE53E-586B-39FE-61A8-4770B3B03277}.Release|Any CPU.Build.0 = Release|Any CPU
		{CA4FE53E-586B-39FE-61A8-4770B3B03277}.Release|x64.ActiveCfg = Release|Any CPU
		{CA4FE53E-586B-39FE-61A8-4770B3B03277}.Release|x64.Build.0 = Release|Any CPU
		{CA4FE53E-586B-39FE-61A8-4770B3B03277}.Release|x86.ActiveCfg = Release|Any CPU
		{CA4FE53E-586B-39FE-61A8-4770B3B03277}.Release|x86.Build.0 = Release|Any CPU
		{4086033F-A784-BF81-F40D-3C32C0D26095}.Debug|Any CPU.ActiveCfg = Debug|Any CPU
		{4086033F-A784-BF81-F40D-3C32C0D26095}.Debug|Any CPU.Build.0 = Debug|Any CPU
		{4086033F-A784-BF81-F40D-3C32C0D26095}.Debug|x64.ActiveCfg = Debug|Any CPU
		{4086033F-A784-BF81-F40D-3C32C0D26095}.Debug|x64.Build.0 = Debug|Any CPU
		{4086033F-A784-BF81-F40D-3C32C0D26095}.Debug|x86.ActiveCfg = Debug|Any CPU
		{4086033F-A784-BF81-F40D-3C32C0D26095}.Debug|x86.Build.0 = Debug|Any CPU
		{4086033F-A784-BF81-F40D-3C32C0D26095}.Release|Any CPU.ActiveCfg = Release|Any CPU
		{4086033F-A784-BF81-F40D-3C32C0D26095}.Release|Any CPU.Build.0 = Release|Any CPU
		{4086033F-A784-BF81-F40D-3C32C0D26095}.Release|x64.ActiveCfg = Release|Any CPU
		{4086033F-A784-BF81-F40D-3C32C0D26095}.Release|x64.Build.0 = Release|Any CPU
		{4086033F-A784-BF81-F40D-3C32C0D26095}.Release|x86.ActiveCfg = Release|Any CPU
		{4086033F-A784-BF81-F40D-3C32C0D26095}.Release|x86.Build.0 = Release|Any CPU
		{FD55A213-A2CC-454B-8B71-752E4D4243D5}.Debug|Any CPU.ActiveCfg = Debug|Any CPU
		{FD55A213-A2CC-454B-8B71-752E4D4243D5}.Debug|Any CPU.Build.0 = Debug|Any CPU
		{FD55A213-A2CC-454B-8B71-752E4D4243D5}.Debug|x64.ActiveCfg = Debug|Any CPU
		{FD55A213-A2CC-454B-8B71-752E4D4243D5}.Debug|x64.Build.0 = Debug|Any CPU
		{FD55A213-A2CC-454B-8B71-752E4D4243D5}.Debug|x86.ActiveCfg = Debug|Any CPU
		{FD55A213-A2CC-454B-8B71-752E4D4243D5}.Debug|x86.Build.0 = Debug|Any CPU
		{FD55A213-A2CC-454B-8B71-752E4D4243D5}.Release|Any CPU.ActiveCfg = Release|Any CPU
		{FD55A213-A2CC-454B-8B71-752E4D4243D5}.Release|Any CPU.Build.0 = Release|Any CPU
		{FD55A213-A2CC-454B-8B71-752E4D4243D5}.Release|x64.ActiveCfg = Release|Any CPU
		{FD55A213-A2CC-454B-8B71-752E4D4243D5}.Release|x64.Build.0 = Release|Any CPU
		{FD55A213-A2CC-454B-8B71-752E4D4243D5}.Release|x86.ActiveCfg = Release|Any CPU
		{FD55A213-A2CC-454B-8B71-752E4D4243D5}.Release|x86.Build.0 = Release|Any CPU
		{974E324E-B3B1-4853-BB97-19FBE17CD2A8}.Debug|Any CPU.ActiveCfg = Debug|Any CPU
		{974E324E-B3B1-4853-BB97-19FBE17CD2A8}.Debug|Any CPU.Build.0 = Debug|Any CPU
		{974E324E-B3B1-4853-BB97-19FBE17CD2A8}.Debug|x64.ActiveCfg = Debug|Any CPU
		{974E324E-B3B1-4853-BB97-19FBE17CD2A8}.Debug|x64.Build.0 = Debug|Any CPU
		{974E324E-B3B1-4853-BB97-19FBE17CD2A8}.Debug|x86.ActiveCfg = Debug|Any CPU
		{974E324E-B3B1-4853-BB97-19FBE17CD2A8}.Debug|x86.Build.0 = Debug|Any CPU
		{974E324E-B3B1-4853-BB97-19FBE17CD2A8}.Release|Any CPU.ActiveCfg = Release|Any CPU
		{974E324E-B3B1-4853-BB97-19FBE17CD2A8}.Release|Any CPU.Build.0 = Release|Any CPU
		{974E324E-B3B1-4853-BB97-19FBE17CD2A8}.Release|x64.ActiveCfg = Release|Any CPU
		{974E324E-B3B1-4853-BB97-19FBE17CD2A8}.Release|x64.Build.0 = Release|Any CPU
		{974E324E-B3B1-4853-BB97-19FBE17CD2A8}.Release|x86.ActiveCfg = Release|Any CPU
		{974E324E-B3B1-4853-BB97-19FBE17CD2A8}.Release|x86.Build.0 = Release|Any CPU
	EndGlobalSection
	GlobalSection(SolutionProperties) = preSolution
		HideSolutionNode = FALSE
	EndGlobalSection
	GlobalSection(NestedProjects) = preSolution
		{7ADAD76E-42EA-4231-9EF4-626ACDA44B51} = {02EA681E-C7D8-13C7-8484-4AC65E1B71E8}
		{3BE7FBC3-5F5A-4335-BDDC-86F8FC59343D} = {02EA681E-C7D8-13C7-8484-4AC65E1B71E8}
		{C4EE8CA9-65CE-4785-8871-A448F7E2B98C} = {0AF25886-5992-4C14-8222-BF23671CB07D}
		{EB7A3107-9F6E-4B26-807B-2153BF966B15} = {0AF25886-5992-4C14-8222-BF23671CB07D}
		{FC375051-9E20-451A-B186-48E6074C5064} = {0AF25886-5992-4C14-8222-BF23671CB07D}
		{3DCCB7B0-3B8F-4D2D-8D11-3BFAB1062795} = {F9ED2B47-67E1-4A23-A7B2-6903C308C6A2}
		{DF6ED471-FEFD-68D9-AA48-5A7AA8ED5333} = {F0E42396-F7F3-472D-AECF-DBE9E6EFE57C}
		{CA4FE53E-586B-39FE-61A8-4770B3B03277} = {F0E42396-F7F3-472D-AECF-DBE9E6EFE57C}
		{4086033F-A784-BF81-F40D-3C32C0D26095} = {A3054CA9-B3D1-4070-9FE8-319C5036B4FF}
		{FD55A213-A2CC-454B-8B71-752E4D4243D5} = {C0652D8F-9FF8-4256-AF18-8B86F314B7B7}
		{974E324E-B3B1-4853-BB97-19FBE17CD2A8} = {C0652D8F-9FF8-4256-AF18-8B86F314B7B7}
	EndGlobalSection
	GlobalSection(ExtensibilityGlobals) = postSolution
		SolutionGuid = {BDD692DA-09C1-43BB-9245-BDB5BFE74686}
	EndGlobalSection
EndGlobal
